
Microsoft Visual Studio Solution File, Format Version 12.00
# Visual Studio Version 17
VisualStudioVersion = 17.5.33502.453
MinimumVisualStudioVersion = 10.0.40219.1
Project("{FAE04EC0-301F-11D3-BF4B-00C04F79EFBC}") = "hw1", "hw1\hw1.csproj", "{A09EA83E-201E-49EC-8157-1CB48ECBC1AA}"
EndProject
Global
	GlobalSection(SolutionConfigurationPlatforms) = preSolution
		Debug|Any CPU = Debug|Any CPU
		Release|Any CPU = Release|Any CPU
	EndGlobalSection
	GlobalSection(ProjectConfigurationPlatforms) = postSolution
		{A09EA83E-201E-49EC-8157-1CB48ECBC1AA}.Debug|Any CPU.ActiveCfg = Debug|Any CPU
		{A09EA83E-201E-49EC-8157-1CB48ECBC1AA}.Debug|Any CPU.Build.0 = Debug|Any CPU
		{A09EA83E-201E-49EC-8157-1CB48ECBC1AA}.Release|Any CPU.ActiveCfg = Release|Any CPU
		{A09EA83E-201E-49EC-8157-1CB48ECBC1AA}.Release|Any CPU.Build.0 = Release|Any CPU
	EndGlobalSection
	GlobalSection(SolutionProperties) = preSolution
		HideSolutionNode = FALSE
	EndGlobalSection
	GlobalSection(ExtensibilityGlobals) = postSolution
		SolutionGuid = {5816A1A4-FD66-4A16-B592-68BD820521E0}
	EndGlobalSection
EndGlobal
